// !$*UTF8*$!
{
	archiveVersion = 1;
	classes = {
	};
	objectVersion = 46;
	objects = {

/* Begin PBXBuildFile section */
		A068E0D21BE9405100CB7CFF /* main.m in Sources */ = {isa = PBXBuildFile; fileRef = A068E0D11BE9405100CB7CFF /* main.m */; };
		A068E0D51BE9405100CB7CFF /* AppDelegate.m in Sources */ = {isa = PBXBuildFile; fileRef = A068E0D41BE9405100CB7CFF /* AppDelegate.m */; };
		A068E0D81BE9405100CB7CFF /* ViewController.m in Sources */ = {isa = PBXBuildFile; fileRef = A068E0D71BE9405100CB7CFF /* ViewController.m */; };
		A068E0DB1BE9405100CB7CFF /* Main.storyboard in Resources */ = {isa = PBXBuildFile; fileRef = A068E0D91BE9405100CB7CFF /* Main.storyboard */; };
		A068E0DD1BE9405100CB7CFF /* Assets.xcassets in Resources */ = {isa = PBXBuildFile; fileRef = A068E0DC1BE9405100CB7CFF /* Assets.xcassets */; };
		A068E0E01BE9405100CB7CFF /* LaunchScreen.storyboard in Resources */ = {isa = PBXBuildFile; fileRef = A068E0DE1BE9405100CB7CFF /* LaunchScreen.storyboard */; };
/* End PBXBuildFile section */

/* Begin PBXFileReference section */
		A068E0CD1BE9405100CB7CFF /* FixeAds Challenge.app */ = {isa = PBXFileReference; explicitFileType = wrapper.application; includeInIndex = 0; path = "FixeAds Challenge.app"; sourceTree = BUILT_PRODUCTS_DIR; };
		A068E0D11BE9405100CB7CFF /* main.m */ = {isa = PBXFileReference; lastKnownFileType = sourcecode.c.objc; path = main.m; sourceTree = "<group>"; };
		A068E0D31BE9405100CB7CFF /* AppDelegate.h */ = {isa = PBXFileReference; lastKnownFileType = sourcecode.c.h; path = AppDelegate.h; sourceTree = "<group>"; };
		A068E0D41BE9405100CB7CFF /* AppDelegate.m */ = {isa = PBXFileReference; lastKnownFileType = sourcecode.c.objc; path = AppDelegate.m; sourceTree = "<group>"; };
		A068E0D61BE9405100CB7CFF /* ViewController.h */ = {isa = PBXFileReference; lastKnownFileType = sourcecode.c.h; path = ViewController.h; sourceTree = "<group>"; };
		A068E0D71BE9405100CB7CFF /* ViewController.m */ = {isa = PBXFileReference; lastKnownFileType = sourcecode.c.objc; path = ViewController.m; sourceTree = "<group>"; };
		A068E0DA1BE9405100CB7CFF /* Base */ = {isa = PBXFileReference; lastKnownFileType = file.storyboard; name = Base; path = Base.lproj/Main.storyboard; sourceTree = "<group>"; };
		A068E0DC1BE9405100CB7CFF /* Assets.xcassets */ = {isa = PBXFileReference; lastKnownFileType = folder.assetcatalog; path = Assets.xcassets; sourceTree = "<group>"; };
		A068E0DF1BE9405100CB7CFF /* Base */ = {isa = PBXFileReference; lastKnownFileType = file.storyboard; name = Base; path = Base.lproj/LaunchScreen.storyboard; sourceTree = "<group>"; };
		A068E0E11BE9405100CB7CFF /* Info.plist */ = {isa = PBXFileReference; lastKnownFileType = text.plist.xml; path = Info.plist; sourceTree = "<group>"; };
/* End PBXFileReference section */

/* Begin PBXFrameworksBuildPhase section */
		A068E0CA1BE9405100CB7CFF /* Frameworks */ = {
			isa = PBXFrameworksBuildPhase;
			buildActionMask = 2147483647;
			files = (
			);
			runOnlyForDeploymentPostprocessing = 0;
		};
/* End PBXFrameworksBuildPhase section */

/* Begin PBXGroup section */
		A068E0C41BE9405100CB7CFF = {
			isa = PBXGroup;
			children = (
				A068E0CF1BE9405100CB7CFF /* FixeAds Challenge */,
				A068E0CE1BE9405100CB7CFF /* Products */,
			);
			sourceTree = "<group>";
		};
		A068E0CE1BE9405100CB7CFF /* Products */ = {
			isa = PBXGroup;
			children = (
				A068E0CD1BE9405100CB7CFF /* FixeAds Challenge.app */,
			);
			name = Products;
			sourceTree = "<group>";
		};
		A068E0CF1BE9405100CB7CFF /* FixeAds Challenge */ = {
			isa = PBXGroup;
			children = (
				A068E0D31BE9405100CB7CFF /* AppDelegate.h */,
				A068E0D41BE9405100CB7CFF /* AppDelegate.m */,
				A068E0D61BE9405100CB7CFF /* ViewController.h */,
				A068E0D71BE9405100CB7CFF /* ViewController.m */,
				A068E0D91BE9405100CB7CFF /* Main.storyboard */,
				A068E0DC1BE9405100CB7CFF /* Assets.xcassets */,
				A068E0DE1BE9405100CB7CFF /* LaunchScreen.storyboard */,
				A068E0E11BE9405100CB7CFF /* Info.plist */,
				A068E0D01BE9405100CB7CFF /* Supporting Files */,
			);
			path = "FixeAds Challenge";
			sourceTree = "<group>";
		};
		A068E0D01BE9405100CB7CFF /* Supporting Files */ = {
			isa = PBXGroup;
			children = (
				A068E0D11BE9405100CB7CFF /* main.m */,
			);
			name = "Supporting Files";
			sourceTree = "<group>";
		};
/* End PBXGroup section */

/* Begin PBXNativeTarget section */
		A068E0CC1BE9405100CB7CFF /* FixeAds Challenge */ = {
			isa = PBXNativeTarget;
			buildConfigurationList = A068E0E41BE9405100CB7CFF /* Build configuration list for PBXNativeTarget "FixeAds Challenge" */;
			buildPhases = (
				A068E0C91BE9405100CB7CFF /* Sources */,
				A068E0CA1BE9405100CB7CFF /* Frameworks */,
				A068E0CB1BE9405100CB7CFF /* Resources */,
			);
			buildRules = (
			);
			dependencies = (
			);
			name = "FixeAds Challenge";
			productName = "FixeAds Challenge";
			productReference = A068E0CD1BE9405100CB7CFF /* FixeAds Challenge.app */;
			productType = "com.apple.product-type.application";
		};
/* End PBXNativeTarget section */

/* Begin PBXProject section */
		A068E0C51BE9405100CB7CFF /* Project object */ = {
			isa = PBXProject;
			attributes = {
				LastUpgradeCheck = 0710;
				ORGANIZATIONNAME = "Bruno Tavares";
				TargetAttributes = {
					A068E0CC1BE9405100CB7CFF = {
						CreatedOnToolsVersion = 7.1;
					};
				};
			};
			buildConfigurationList = A068E0C81BE9405100CB7CFF /* Build configuration list for PBXProject "FixeAds Challenge" */;
			compatibilityVersion = "Xcode 3.2";
			developmentRegion = English;
			hasScannedForEncodings = 0;
			knownRegions = (
				en,
				Base,
			);
			mainGroup = A068E0C41BE9405100CB7CFF;
			productRefGroup = A068E0CE1BE9405100CB7CFF /* Products */;
			projectDirPath = "";
			projectRoot = "";
			targets = (
				A068E0CC1BE9405100CB7CFF /* FixeAds Challenge */,
			);
		};
/* End PBXProject section */

/* Begin PBXResourcesBuildPhase section */
		A068E0CB1BE9405100CB7CFF /* Resources */ = {
			isa = PBXResourcesBuildPhase;
			buildActionMask = 2147483647;
			files = (
				A068E0E01BE9405100CB7CFF /* LaunchScreen.storyboard in Resources */,
				A068E0DD1BE9405100CB7CFF /* Assets.xcassets in Resources */,
				A068E0DB1BE9405100CB7CFF /* Main.storyboard in Resources */,
			);
			runOnlyForDeploymentPostprocessing = 0;
		};
/* End PBXResourcesBuildPhase section */

/* Begin PBXSourcesBuildPhase section */
		A068E0C91BE9405100CB7CFF /* Sources */ = {
			isa = PBXSourcesBuildPhase;
			buildActionMask = 2147483647;
			files = (
				A068E0D81BE9405100CB7CFF /* ViewController.m in Sources */,
				A068E0D51BE9405100CB7CFF /* AppDelegate.m in Sources */,
				A068E0D21BE9405100CB7CFF /* main.m in Sources */,
			);
			runOnlyForDeploymentPostprocessing = 0;
		};
/* End PBXSourcesBuildPhase section */

/* Begin PBXVariantGroup section */
		A068E0D91BE9405100CB7CFF /* Main.storyboard */ = {
			isa = PBXVariantGroup;
			children = (
				A068E0DA1BE9405100CB7CFF /* Base */,
			);
			name = Main.storyboard;
			sourceTree = "<group>";
		};
		A068E0DE1BE9405100CB7CFF /* LaunchScreen.storyboard */ = {
			isa = PBXVariantGroup;
			children = (
				A068E0DF1BE9405100CB7CFF /* Base */,
			);
			name = LaunchScreen.storyboard;
			sourceTree = "<group>";
		};
/* End PBXVariantGroup section */

/* Begin XCBuildConfiguration section */
		A068E0E21BE9405100CB7CFF /* Debug */ = {
			isa = XCBuildConfiguration;
			buildSettings = {
				ALWAYS_SEARCH_USER_PATHS = NO;
				CLANG_CXX_LANGUAGE_STANDARD = "gnu++0x";
				CLANG_CXX_LIBRARY = "libc++";
				CLANG_ENABLE_MODULES = YES;
				CLANG_ENABLE_OBJC_ARC = YES;
				CLANG_WARN_BOOL_CONVERSION = YES;
				CLANG_WARN_CONSTANT_CONVERSION = YES;
				CLANG_WARN_DIRECT_OBJC_ISA_USAGE = YES_ERROR;
				CLANG_WARN_EMPTY_BODY = YES;
				CLANG_WARN_ENUM_CONVERSION = YES;
				CLANG_WARN_INT_CONVERSION = YES;
				CLANG_WARN_OBJC_ROOT_CLASS = YES_ERROR;
				CLANG_WARN_UNREACHABLE_CODE = YES;
				CLANG_WARN__DUPLICATE_METHOD_MATCH = YES;
				"CODE_SIGN_IDENTITY[sdk=iphoneos*]" = "iPhone Developer";
				COPY_PHASE_STRIP = NO;
				DEBUG_INFORMATION_FORMAT = dwarf;
				ENABLE_STRICT_OBJC_MSGSEND = YES;
				ENABLE_TESTABILITY = YES;
				GCC_C_LANGUAGE_STANDARD = gnu99;
				GCC_DYNAMIC_NO_PIC = NO;
				GCC_NO_COMMON_BLOCKS = YES;
				GCC_OPTIMIZATION_LEVEL = 0;
				GCC_PREPROCESSOR_DEFINITIONS = (
					"DEBUG=1",
					"$(inherited)",
				);
				GCC_WARN_64_TO_32_BIT_CONVERSION = YES;
				GCC_WARN_ABOUT_RETURN_TYPE = YES_ERROR;
				GCC_WARN_UNDECLARED_SELECTOR = YES;
				GCC_WARN_UNINITIALIZED_AUTOS = YES_AGGRESSIVE;
				GCC_WARN_UNUSED_FUNCTION = YES;
				GCC_WARN_UNUSED_VARIABLE = YES;
				IPHONEOS_DEPLOYMENT_TARGET = 9.1;
				MTL_ENABLE_DEBUG_INFO = YES;
				ONLY_ACTIVE_ARCH = YES;
				SDKROOT = iphoneos;
			};
			name = Debug;
		};
		A068E0E31BE9405100CB7CFF /* Release */ = {
			isa = XCBuildConfiguration;
			buildSettings = {
				ALWAYS_SEARCH_USER_PATHS = NO;
				CLANG_CXX_LANGUAGE_STANDARD = "gnu++0x";
				CLANG_CXX_LIBRARY = "libc++";
				CLANG_ENABLE_MODULES = YES;
				CLANG_ENABLE_OBJC_ARC = YES;
				CLANG_WARN_BOOL_CONVERSION = YES;
				CLANG_WARN_CONSTANT_CONVERSION = YES;
				CLANG_WARN_DIRECT_OBJC_ISA_USAGE = YES_ERROR;
				CLANG_WARN_EMPTY_BODY = YES;
				CLANG_WARN_ENUM_CONVERSION = YES;
				CLANG_WARN_INT_CONVERSION = YES;
				CLANG_WARN_OBJC_ROOT_CLASS = YES_ERROR;
				CLANG_WARN_UNREACHABLE_CODE = YES;
				CLANG_WARN__DUPLICATE_METHOD_MATCH = YES;
				"CODE_SIGN_IDENTITY[sdk=iphoneos*]" = "iPhone Developer";
				COPY_PHASE_STRIP = NO;
				DEBUG_INFORMATION_FORMAT = "dwarf-with-dsym";
				ENABLE_NS_ASSERTIONS = NO;
				ENABLE_STRICT_OBJC_MSGSEND = YES;
				GCC_C_LANGUAGE_STANDARD = gnu99;
				GCC_NO_COMMON_BLOCKS = YES;
				GCC_WARN_64_TO_32_BIT_CONVERSION = YES;
				GCC_WARN_ABOUT_RETURN_TYPE = YES_ERROR;
				GCC_WARN_UNDECLARED_SELECTOR = YES;
				GCC_WARN_UNINITIALIZED_AUTOS = YES_AGGRESSIVE;
				GCC_WARN_UNUSED_FUNCTION = YES;
				GCC_WARN_UNUSED_VARIABLE = YES;
				IPHONEOS_DEPLOYMENT_TARGET = 9.1;
				MTL_ENABLE_DEBUG_INFO = NO;
				SDKROOT = iphoneos;
				VALIDATE_PRODUCT = YES;
			};
			name = Release;
		};
		A068E0E51BE9405100CB7CFF /* Debug */ = {
			isa = XCBuildConfiguration;
			buildSettings = {
				ASSETCATALOG_COMPILER_APPICON_NAME = AppIcon;
				INFOPLIST_FILE = "FixeAds Challenge/Info.plist";
				LD_RUNPATH_SEARCH_PATHS = "$(inherited) @executable_path/Frameworks";
				PRODUCT_BUNDLE_IDENTIFIER = "notificare.FixeAds-Challenge";
				PRODUCT_NAME = "$(TARGET_NAME)";
			};
			name = Debug;
		};
		A068E0E61BE9405100CB7CFF /* Release */ = {
			isa = XCBuildConfiguration;
			buildSettings = {
				ASSETCATALOG_COMPILER_APPICON_NAME = AppIcon;
				INFOPLIST_FILE = "FixeAds Challenge/Info.plist";
				LD_RUNPATH_SEARCH_PATHS = "$(inherited) @executable_path/Frameworks";
				PRODUCT_BUNDLE_IDENTIFIER = "notificare.FixeAds-Challenge";
				PRODUCT_NAME = "$(TARGET_NAME)";
			};
			name = Release;
		};
/* End XCBuildConfiguration section */

/* Begin XCConfigurationList section */
		A068E0C81BE9405100CB7CFF /* Build configuration list for PBXProject "FixeAds Challenge" */ = {
			isa = XCConfigurationList;
			buildConfigurations = (
				A068E0E21BE9405100CB7CFF /* Debug */,
				A068E0E31BE9405100CB7CFF /* Release */,
			);
			defaultConfigurationIsVisible = 0;
			defaultConfigurationName = Release;
		};
		A068E0E41BE9405100CB7CFF /* Build configuration list for PBXNativeTarget "FixeAds Challenge" */ = {
			isa = XCConfigurationList;
			buildConfigurations = (
				A068E0E51BE9405100CB7CFF /* Debug */,
				A068E0E61BE9405100CB7CFF /* Release */,
			);
			defaultConfigurationIsVisible = 0;
		};
/* End XCConfigurationList section */
	};
	rootObject = A068E0C51BE9405100CB7CFF /* Project object */;
}
